<Project xmlns="http://schemas.microsoft.com/developer/msbuild/2003">
    <PropertyGroup>
        <ProjectGuid>{0B0A2AD2-8637-4611-9FEB-0CD9DDF197F9}</ProjectGuid>
        <ProjectVersion>20.2</ProjectVersion>
        <FrameworkType>VCL</FrameworkType>
        <MainSource>Server.dpr</MainSource>
        <Base>True</Base>
        <Config Condition="'$(Config)'==''">Debug</Config>
        <Platform Condition="'$(Platform)'==''">Win32</Platform>
        <TargetedPlatforms>1</TargetedPlatforms>
        <AppType>Application</AppType>
        <ProjectName Condition="'$(ProjectName)'==''">Server</ProjectName>
    </PropertyGroup>
    <PropertyGroup Condition="'$(Config)'=='Base' or '$(Base)'!=''">
        <Base>true</Base>
    </PropertyGroup>
    <PropertyGroup Condition="('$(Platform)'=='Win32' and '$(Base)'=='true') or '$(Base_Win32)'!=''">
        <Base_Win32>true</Base_Win32>
        <CfgParent>Base</CfgParent>
        <Base>true</Base>
    </PropertyGroup>
    <PropertyGroup Condition="('$(Platform)'=='Win64' and '$(Base)'=='true') or '$(Base_Win64)'!=''">
        <Base_Win64>true</Base_Win64>
        <CfgParent>Base</CfgParent>
        <Base>true</Base>
    </PropertyGroup>
    <PropertyGroup Condition="'$(Config)'=='Debug' or '$(Cfg_1)'!=''">
        <Cfg_1>true</Cfg_1>
        <CfgParent>Base</CfgParent>
        <Base>true</Base>
    </PropertyGroup>
    <PropertyGroup Condition="('$(Platform)'=='Win32' and '$(Cfg_1)'=='true') or '$(Cfg_1_Win32)'!=''">
        <Cfg_1_Win32>true</Cfg_1_Win32>
        <CfgParent>Cfg_1</CfgParent>
        <Cfg_1>true</Cfg_1>
        <Base>true</Base>
    </PropertyGroup>
    <PropertyGroup Condition="'$(Config)'=='Release' or '$(Cfg_2)'!=''">
        <Cfg_2>true</Cfg_2>
        <CfgParent>Base</CfgParent>
        <Base>true</Base>
    </PropertyGroup>
    <PropertyGroup Condition="'$(Base)'!=''">
        <SanitizedProjectName>Server</SanitizedProjectName>
        <Icns_MainIcns>$(BDS)\bin\delphi_PROJECTICNS.icns</Icns_MainIcns>
        <DCC_Namespace>System;Xml;Data;Datasnap;Web;Soap;Vcl;Vcl.Imaging;Vcl.Touch;Vcl.Samples;Vcl.Shell;$(DCC_Namespace)</DCC_Namespace>
        <Icon_MainIcon>$(BDS)\bin\delphi_PROJECTICON.ico</Icon_MainIcon>
        <PostBuildEvent><![CDATA[if exist "$(BDS)\ObjRepos\en\dsrest\dsPostBuild.bat" ( call "$(BDS)\ObjRepos\en\dsrest\dsPostBuild.bat" "$(PROJECTDIR)" "$(OUTPUTDIR)" )
$(PostBuildEvent)]]></PostBuildEvent>
        <DCC_DcuOutput>.\$(Platform)\$(Config)</DCC_DcuOutput>
        <DCC_ExeOutput>.\$(Platform)\$(Config)</DCC_ExeOutput>
        <DCC_E>false</DCC_E>
        <DCC_N>false</DCC_N>
        <DCC_S>false</DCC_S>
        <DCC_F>false</DCC_F>
        <DCC_K>false</DCC_K>
    </PropertyGroup>
    <PropertyGroup Condition="'$(Base_Win32)'!=''">
        <AppEnableRuntimeThemes>true</AppEnableRuntimeThemes>
        <DCC_Namespace>Winapi;System.Win;Data.Win;Datasnap.Win;Web.Win;Soap.Win;Xml.Win;Bde;$(DCC_Namespace)</DCC_Namespace>
        <Manifest_File>$(BDS)\bin\default_app.manifest</Manifest_File>
        <DCC_UsePackage>cxSchedulerTreeBrowserRS20;JvGlobus;dxSkinOffice2007SilverRS20;cxGridRS20;dxFireDACServerModeRS20;dxPSdxLCLnkRS20;pk_015151;dxPScxExtCommonRS20;JvManagedThreads;JvMM;ipstudiowindataset;cxPageControlRS20;dxPSdxSpreadSheetLnkRS20;RtmRxCtl200;FireDACPgDriver;RaizeComponentsVcl;JvCrypt;DBXInterBaseDriver;DataSnapServer;DataSnapCommon;JvNet;dxSkinsdxBarPainterRS20;dxSkinSharpRS20;TeeUI920;Rave110VCL;JvDotNetCtrls;DbxCommonDriver;dxLayoutControlRS20;vclimg;dxSkinsdxNavBarPainterRS20;dbxcds;DatasnapConnectorsFreePascal;FMXTee920;JvXPCtrls;dxPSCoreRS20;dxSkinOffice2013LightGrayRS20;vcldb;frxFib20;dxPSTeeChartRS20;dxSkinOffice2013WhiteRS20;dxSkinMcSkinRS20;CustomIPTransport;dsnap;IndyIPServer;FMXTeeLanguage920;dxSkinGlassOceansRS20;IndyCore;dxSkinCoffeeRS20;dxSkinOffice2010SilverRS20;dxComnRS20;CloudService;dxFlowChartRS20;dxSkinOffice2013DarkGrayRS20;dxSkinOffice2007PinkRS20;FireDACIBDriver;dxDBXServerModeRS20;cxTreeListdxBarPopupMenuRS20;ACBr_NFe2;dxPsPrVwAdvRS20;JvDB;dxPScxGridLnkRS20;dxSkiniMaginaryRS20;JvRuntimeDesign;dxSkinDevExpressDarkStyleRS20;ipstudiowinwordxp;cxSchedulerGridRS20;dxtrmdRS20;dsnapxml;dxSpreadSheetRS20;FireDACDb2Driver;dxSkinMoneyTwinsRS20;JclDeveloperTools;dxSkinOffice2007GreenRS20;dxPScxTLLnkRS20;FIBPlus_XE6;vacommPkgDXE3;ACBrNFeDanfeRVCodeBase;cxPivotGridOLAPRS20;dxPSdxFCLnkRS20;ACBr_SEF2;TeeMaker120;TeeTree2D20Tee9;bindcompfmx;frx20;ACBr_PAF;vcldbx;FireDACODBCDriver;RESTBackendComponents;dbrtl;FireDACCommon;bindcomp;inetdb;JvPluginSystem;DBXOdbcDriver;JvCmp;vclFireDAC;cxSpreadSheetRS20;xmlrtl;JvTimeFramework;ibxpress;Tee920;dxPScxSSLnkRS20;dxSkinOffice2007BlackRS20;FireDACCommonDriver;bindengine;vclactnband;soaprtl;ACBrComum;dxGDIPlusRS20;bindcompvcl;synapse;Jcl;vclie;cxVerticalGridRS20;cxSchedulerRS20;ACBr_TEFD;dxSkinBlackRS20;ACBrNFeDanfeRV;TeeWorld920;FireDACMSSQLDriver;DBXInformixDriver;dxSkinSummer2008RS20;Intraweb;cxBarEditItemRS20;ZipMasterR;DataSnapServerMidas;ipstudiowinclient;dsnapcon;DBXFirebirdDriver;PCN2;inet;dxBarRS20;cxDataRS20;dxSkinDarkSideRS20;JvPascalInterpreter;FireDACMySQLDriver;soapmidas;vclx;dxPScxVGridLnkRS20;dxSkinLondonLiquidSkyRS20;tmsexdXE6;dxCoreRS20;DBXSybaseASADriver;RESTComponents;dxPSPrVwRibbonRS20;dbexpress;dxPSLnksRS20;IndyIPClient;JvBDE;ACBr_Convenio115;dxBarExtItemsRS20;RtmRxDB200;TeeGL920;dxdbtrRS20;FireDACSqliteDriver;FireDACDSDriver;cxSchedulerRibbonStyleEventEditorRS20;DBXSqliteDriver;ACBrDiversos;ACBrTCP;TeeLanguage920;fmx;dxSkinVS2010RS20;dxPScxPCProdRS20;IndySystem;dxSkinXmas2008BlueRS20;JvDlgs;tethering;inetdbbde;vclib;DataSnapClient;TeeDB920;dxTabbedMDIRS20;dxmdsRS20;DataSnapProviderClient;DBXSybaseASEDriver;dxdborRS20;dxPSdxDBTVLnkRS20;FmxTeeUI920;MetropolisUILiveTile;dxPScxSchedulerLnkRS20;dxSkinCaramelRS20;dxSkinLiquidSkyRS20;vcldsnap;dxGaugeControlRS20;dxSkinDevExpressStyleRS20;fmxFireDAC;cxPivotGridChartRS20;DBXDb2Driver;DBXOracleDriver;dxSkinOffice2010BlueRS20;JvCore;dcldxSkinsCoreRS20;vclribbon;cxExportRS20;dxServerModeRS20;dxSkinscxSchedulerPainterRS20;ACBr_SPED;dxSkinMetropolisDarkRS20;fmxase;vcl;tmsxlsdXE6;DBXMSSQLDriver;IndyIPCommon;RtmRxBde200;TeeImage920;dxSkinBlueRS20;dxSkinOffice2010BlackRS20;DataSnapFireDAC;FireDACDBXDriver;dxBarExtDBItemsRS20;dxSkinsdxDLPainterRS20;soapserver;dxPSDBTeeChartRS20;JvAppFrm;ACBr_Boleto;inetdbxpress;dxADOServerModeRS20;dxSkinFoggyRS20;dxSkinBlueprintRS20;dxSkinSharpPlusRS20;fsTee20;FireDACInfxDriver;frxTee20;cxPivotGridRS20;tmsdXE6;ACBr_Sintegra;ACBr_NFSe;ACBr_LFD;JvDocking;adortl;FMXTeePro920;frxDB20;TeePro920;JvWizards;dxRibbonRS20;FireDACASADriver;dxSkinHighContrastRS20;pckUCDBXConn;JvHMI;dxSkinTheAsphaltWorldRS20;ACBrOpenSSL;JvBands;QR506RunDXE6;RaizeComponentsVclDb;dxBarDBNavRS20;dxSkinscxPCPainterRS20;ACBrCapicom;ACBr_BoletoFC_FR;rtl;ACBrSerial;DbxClientDriver;dxSkinMetropolisRS20;dxNavBarRS20;dxDockingRS20;JclContainers;dxSkinOffice2007BlueRS20;dxSkinsdxRibbonPainterRS20;ACBr_CTe;dxSkinValentineRS20;JvSystem;DataSnapNativeClient;svnui;JvControls;IndyProtocols;DBXMySQLDriver;FMXTeeDB920;dxPScxCommonRS20;dxSkinSevenClassicRS20;dxSkinPumpkinRS20;tmswizdXE6;bindcompdbx;JvJans;JvPrintPreview;JvPageComps;ipstudiowin;JvStdCtrls;JvCustom;dxSkinDarkRoomRS20;FireDACADSDriver;vcltouch;cxEditorsRS20;dxorgcRS20;dxPSdxDBOCLnkRS20;ACBrNFSeDanfseFRpkg;VclSmp;FireDAC;VCLRESTComponents;dxSkinsCoreRS20;DataSnapConnectors;dxSkinSevenRS20;ACBrNFeDanfeFRpkg;cxLibraryRS20;fmxobj;dxMapControlRS20;JclVcl;fs20;dxSkinLilianRS20;svn;dxWizardControlRS20;FireDACOracleDriver;fmxdae;dxPScxPivotGridLnkRS20;dxSkinWhiteprintRS20;RLibWinDXE4;bdertl;dxThemeRS20;dxPSdxOCLnkRS20;ACBrCTeDacteFRpkg;cxTreeListRS20;FireDACMSAccDriver;DataSnapIndy10ServerTransport;frxe20;$(DCC_UsePackage)</DCC_UsePackage>
        <VerInfo_Locale>1033</VerInfo_Locale>
        <VerInfo_IncludeVerInfo>true</VerInfo_IncludeVerInfo>
        <VerInfo_Keys>CompanyName=;FileVersion=1.0.0.0;InternalName=;LegalCopyright=;LegalTrademarks=;OriginalFilename=;ProductVersion=1.0.0.0;Comments=;ProgramID=com.embarcadero.$(MSBuildProjectName);FileDescription=$(MSBuildProjectName);ProductName=$(MSBuildProjectName)</VerInfo_Keys>
        <UWP_DelphiLogo44>$(BDS)\bin\Artwork\Windows\UWP\delphi_UwpDefault_44.png</UWP_DelphiLogo44>
        <UWP_DelphiLogo150>$(BDS)\bin\Artwork\Windows\UWP\delphi_UwpDefault_150.png</UWP_DelphiLogo150>
    </PropertyGroup>
    <PropertyGroup Condition="'$(Base_Win64)'!=''">
        <DCC_UsePackage>FireDACPgDriver;RaizeComponentsVcl;DBXInterBaseDriver;DataSnapServer;DataSnapCommon;DbxCommonDriver;vclimg;dbxcds;DatasnapConnectorsFreePascal;vcldb;CustomIPTransport;dsnap;IndyIPServer;IndyCore;CloudService;FireDACIBDriver;dsnapxml;FireDACDb2Driver;bindcompfmx;FireDACODBCDriver;RESTBackendComponents;dbrtl;FireDACCommon;bindcomp;inetdb;DBXOdbcDriver;vclFireDAC;cxSpreadSheetRS20;xmlrtl;ibxpress;FireDACCommonDriver;bindengine;vclactnband;soaprtl;bindcompvcl;vclie;FireDACMSSQLDriver;DBXInformixDriver;Intraweb;DataSnapServerMidas;ipstudiowinclient;dsnapcon;DBXFirebirdDriver;inet;FireDACMySQLDriver;soapmidas;vclx;tmsexdXE6;DBXSybaseASADriver;RESTComponents;dbexpress;IndyIPClient;FireDACSqliteDriver;FireDACDSDriver;DBXSqliteDriver;fmx;IndySystem;tethering;vclib;DataSnapClient;DataSnapProviderClient;DBXSybaseASEDriver;MetropolisUILiveTile;vcldsnap;fmxFireDAC;DBXDb2Driver;DBXOracleDriver;vclribbon;fmxase;vcl;tmsxlsdXE6;DBXMSSQLDriver;IndyIPCommon;DataSnapFireDAC;FireDACDBXDriver;soapserver;inetdbxpress;FireDACInfxDriver;tmsdXE6;adortl;FireDACASADriver;RaizeComponentsVclDb;rtl;DbxClientDriver;DataSnapNativeClient;IndyProtocols;DBXMySQLDriver;bindcompdbx;ipstudiowin;FireDACADSDriver;vcltouch;VclSmp;FireDAC;VCLRESTComponents;DataSnapConnectors;fmxobj;FireDACOracleDriver;fmxdae;FireDACMSAccDriver;DataSnapIndy10ServerTransport;$(DCC_UsePackage)</DCC_UsePackage>
        <UWP_DelphiLogo44>$(BDS)\bin\Artwork\Windows\UWP\delphi_UwpDefault_44.png</UWP_DelphiLogo44>
        <UWP_DelphiLogo150>$(BDS)\bin\Artwork\Windows\UWP\delphi_UwpDefault_150.png</UWP_DelphiLogo150>
    </PropertyGroup>
    <PropertyGroup Condition="'$(Cfg_1)'!=''">
        <DCC_Define>DEBUG;$(DCC_Define)</DCC_Define>
        <DCC_DebugDCUs>true</DCC_DebugDCUs>
        <DCC_Optimize>false</DCC_Optimize>
        <DCC_GenerateStackFrames>true</DCC_GenerateStackFrames>
        <DCC_DebugInfoInExe>true</DCC_DebugInfoInExe>
        <DCC_RemoteDebug>true</DCC_RemoteDebug>
    </PropertyGroup>
    <PropertyGroup Condition="'$(Cfg_1_Win32)'!=''">
        <DCC_RemoteDebug>false</DCC_RemoteDebug>
        <BT_BuildType>Debug</BT_BuildType>
    </PropertyGroup>
    <PropertyGroup Condition="'$(Cfg_2)'!=''">
        <DCC_LocalDebugSymbols>false</DCC_LocalDebugSymbols>
        <DCC_Define>RELEASE;$(DCC_Define)</DCC_Define>
        <DCC_SymbolReferenceInfo>0</DCC_SymbolReferenceInfo>
        <DCC_DebugInformation>0</DCC_DebugInformation>
    </PropertyGroup>
    <ItemGroup>
        <DelphiCompile Include="$(MainSource)">
            <MainSource>MainSource</MainSource>
        </DelphiCompile>
        <DCCReference Include="FormUnit1.pas">
            <Form>frmPrincipal</Form>
            <FormType>dfm</FormType>
        </DCCReference>
        <DCCReference Include="ServerMethodsUnit1.pas">
            <Form>ServerMethods1</Form>
            <FormType>dfm</FormType>
            <DesignClass>TDataModule</DesignClass>
        </DCCReference>
        <DCCReference Include="ServerContainerUnit1.pas">
            <Form>ServerContainer1</Form>
            <FormType>dfm</FormType>
            <DesignClass>TDataModule</DesignClass>
        </DCCReference>
        <DCCReference Include="WebModuleUnit1.pas">
            <Form>WebModule1</Form>
            <FormType>dfm</FormType>
            <DesignClass>TWebModule</DesignClass>
        </DCCReference>
        <DCCReference Include="..\..\Geral\Efuncoes.pas"/>
        <None Include="js\base64.js"/>
        <None Include="js\ServerFunctionExecutor.js"/>
        <None Include="js\json2.js"/>
        <None Include="js\CallbackFramework.js"/>
        <None Include="js\ServerFunctions.js"/>
        <None Include="js\base64-min.js"/>
        <None Include="js\json2-min.js"/>
        <None Include="js\ServerFunctionExecutor-min.js"/>
        <None Include="js\CallbackFramework-min.js"/>
        <None Include="js\connection.js"/>
        <None Include="js\ServerFunctionInvoker.js"/>
        <None Include="css\main.css"/>
        <None Include="css\ServerFunctionInvoker.css"/>
        <None Include="templates\ReverseString.html"/>
        <None Include="templates\ServerFunctionInvoker.html"/>
        <RcItem Include="images\collapse.png">
            <ResourceType>RCDATA</ResourceType>
            <ResourceId>PngImage_1</ResourceId>
        </RcItem>
        <RcItem Include="images\expand.png">
            <ResourceType>RCDATA</ResourceType>
            <ResourceId>PngImage_2</ResourceId>
        </RcItem>
        <BuildConfiguration Include="Base">
            <Key>Base</Key>
        </BuildConfiguration>
        <BuildConfiguration Include="Debug">
            <Key>Cfg_1</Key>
            <CfgParent>Base</CfgParent>
        </BuildConfiguration>
        <BuildConfiguration Include="Release">
            <Key>Cfg_2</Key>
            <CfgParent>Base</CfgParent>
        </BuildConfiguration>
    </ItemGroup>
    <ProjectExtensions>
        <Borland.Personality>Delphi.Personality.12</Borland.Personality>
        <Borland.ProjectType/>
        <BorlandProject>
            <Delphi.Personality>
                <Source>
                    <Source Name="MainSource">Server.dpr</Source>
                </Source>
            </Delphi.Personality>
            <Deployment Version="5"/>
            <Platforms>
                <Platform value="Win32">True</Platform>
                <Platform value="Win64">False</Platform>
            </Platforms>
        </BorlandProject>
        <ProjectFileVersion>12</ProjectFileVersion>
    </ProjectExtensions>
    <Import Project="$(BDS)\Bin\CodeGear.Delphi.Targets" Condition="Exists('$(BDS)\Bin\CodeGear.Delphi.Targets')"/>
    <Import Project="$(APPDATA)\Embarcadero\$(BDSAPPDATABASEDIR)\$(PRODUCTVERSION)\UserTools.proj" Condition="Exists('$(APPDATA)\Embarcadero\$(BDSAPPDATABASEDIR)\$(PRODUCTVERSION)\UserTools.proj')"/>
    <Import Project="$(MSBuildProjectName).deployproj" Condition="Exists('$(MSBuildProjectName).deployproj')"/>
    <PropertyGroup Condition="'$(Config)'=='Debug' And '$(Platform)'=='Win32'">
        <PreBuildEvent/>
        <PreBuildEventIgnoreExitCode>False</PreBuildEventIgnoreExitCode>
        <PreLinkEvent/>
        <PreLinkEventIgnoreExitCode>False</PreLinkEventIgnoreExitCode>
        <PostBuildEvent>if exist &quot;$(BDS)\ObjRepos\en\dsrest\dsPostBuild.bat&quot; ( call &quot;$(BDS)\ObjRepos\en\dsrest\dsPostBuild.bat&quot; &quot;$(PROJECTDIR)&quot; &quot;$(OUTPUTDIR)&quot; )</PostBuildEvent>
        <PostBuildEventIgnoreExitCode>False</PostBuildEventIgnoreExitCode>
    </PropertyGroup>
    <PropertyGroup Condition="'$(Config)'=='Debug' And '$(Platform)'=='Win64'">
        <PreBuildEvent/>
        <PreBuildEventIgnoreExitCode>False</PreBuildEventIgnoreExitCode>
        <PreLinkEvent/>
        <PreLinkEventIgnoreExitCode>False</PreLinkEventIgnoreExitCode>
        <PostBuildEvent>if exist &quot;$(BDS)\ObjRepos\en\dsrest\dsPostBuild.bat&quot; ( call &quot;$(BDS)\ObjRepos\en\dsrest\dsPostBuild.bat&quot; &quot;$(PROJECTDIR)&quot; &quot;$(OUTPUTDIR)&quot; )</PostBuildEvent>
        <PostBuildEventIgnoreExitCode>False</PostBuildEventIgnoreExitCode>
    </PropertyGroup>
    <PropertyGroup Condition="'$(Config)'=='Release' And '$(Platform)'=='Win32'">
        <PreBuildEvent/>
        <PreBuildEventIgnoreExitCode>False</PreBuildEventIgnoreExitCode>
        <PreLinkEvent/>
        <PreLinkEventIgnoreExitCode>False</PreLinkEventIgnoreExitCode>
        <PostBuildEvent>if exist &quot;$(BDS)\ObjRepos\en\dsrest\dsPostBuild.bat&quot; ( call &quot;$(BDS)\ObjRepos\en\dsrest\dsPostBuild.bat&quot; &quot;$(PROJECTDIR)&quot; &quot;$(OUTPUTDIR)&quot; )</PostBuildEvent>
        <PostBuildEventIgnoreExitCode>False</PostBuildEventIgnoreExitCode>
    </PropertyGroup>
    <PropertyGroup Condition="'$(Config)'=='Release' And '$(Platform)'=='Win64'">
        <PreBuildEvent/>
        <PreBuildEventIgnoreExitCode>False</PreBuildEventIgnoreExitCode>
        <PreLinkEvent/>
        <PreLinkEventIgnoreExitCode>False</PreLinkEventIgnoreExitCode>
        <PostBuildEvent>if exist &quot;$(BDS)\ObjRepos\en\dsrest\dsPostBuild.bat&quot; ( call &quot;$(BDS)\ObjRepos\en\dsrest\dsPostBuild.bat&quot; &quot;$(PROJECTDIR)&quot; &quot;$(OUTPUTDIR)&quot; )</PostBuildEvent>
        <PostBuildEventIgnoreExitCode>False</PostBuildEventIgnoreExitCode>
    </PropertyGroup>
</Project>
